
Microsoft Visual Studio Solution File, Format Version 12.00
# Visual Studio Version 17
VisualStudioVersion = 17.11.35431.28
MinimumVisualStudioVersion = 10.0.40219.1
Project("{FAE04EC0-301F-11D3-BF4B-00C04F79EFBC}") = "Lab 9", "Lab 9\Lab 9.csproj", "{F60D26F4-6740-4972-9DE2-BBCB55F7A7CD}"
EndProject
Global
	GlobalSection(SolutionConfigurationPlatforms) = preSolution
		Debug|Any CPU = Debug|Any CPU
		Release|Any CPU = Release|Any CPU
	EndGlobalSection
	GlobalSection(ProjectConfigurationPlatforms) = postSolution
		{F60D26F4-6740-4972-9DE2-BBCB55F7A7CD}.Debug|Any CPU.ActiveCfg = Debug|Any CPU
		{F60D26F4-6740-4972-9DE2-BBCB55F7A7CD}.Debug|Any CPU.Build.0 = Debug|Any CPU
		{F60D26F4-6740-4972-9DE2-BBCB55F7A7CD}.Release|Any CPU.ActiveCfg = Release|Any CPU
		{F60D26F4-6740-4972-9DE2-BBCB55F7A7CD}.Release|Any CPU.Build.0 = Release|Any CPU
	EndGlobalSection
	GlobalSection(SolutionProperties) = preSolution
		HideSolutionNode = FALSE
	EndGlobalSection
	GlobalSection(ExtensibilityGlobals) = postSolution
		SolutionGuid = {86D6494A-D218-4B5D-831A-86F07E5FF0A5}
	EndGlobalSection
EndGlobal
